
Microsoft Visual Studio Solution File, Format Version 12.00
# Visual Studio Version 16
VisualStudioVersion = 16.0.30621.155
MinimumVisualStudioVersion = 10.0.40219.1
Project("{FAE04EC0-301F-11D3-BF4B-00C04F79EFBC}") = "Hastane_1", "Hastane_1.csproj", "{193049F9-9C77-4343-9647-CAD49BD6D79A}"
EndProject
Global
	GlobalSection(SolutionConfigurationPlatforms) = preSolution
		Debug|Any CPU = Debug|Any CPU
		Release|Any CPU = Release|Any CPU
	EndGlobalSection
	GlobalSection(ProjectConfigurationPlatforms) = postSolution
		{193049F9-9C77-4343-9647-CAD49BD6D79A}.Debug|Any CPU.ActiveCfg = Debug|Any CPU
		{193049F9-9C77-4343-9647-CAD49BD6D79A}.Debug|Any CPU.Build.0 = Debug|Any CPU
		{193049F9-9C77-4343-9647-CAD49BD6D79A}.Release|Any CPU.ActiveCfg = Release|Any CPU
		{193049F9-9C77-4343-9647-CAD49BD6D79A}.Release|Any CPU.Build.0 = Release|Any CPU
	EndGlobalSection
	GlobalSection(SolutionProperties) = preSolution
		HideSolutionNode = FALSE
	EndGlobalSection
	GlobalSection(ExtensibilityGlobals) = postSolution
		SolutionGuid = {7B78C782-C2EC-46D9-BCA1-5B583B98F0FC}
	EndGlobalSection
EndGlobal
